// !$*UTF8*$!
{
	archiveVersion = 1;
	classes = {
	};
	objectVersion = 56;
	objects = {

/* Begin PBXBuildFile section */
		A10F7D342ACBACBD00B951AA /* FavoritesList.swift in Sources */ = {isa = PBXBuildFile; fileRef = A10F7D332ACBACBD00B951AA /* FavoritesList.swift */; };
		A10F7D362ACBBA3100B951AA /* AccomodationData.json in Resources */ = {isa = PBXBuildFile; fileRef = A10F7D352ACBBA3100B951AA /* AccomodationData.json */; };
		A10F7D382ACBBA4100B951AA /* Accomodation.swift in Sources */ = {isa = PBXBuildFile; fileRef = A10F7D372ACBBA4100B951AA /* Accomodation.swift */; };
		A10F7D3A2ACBC23300B951AA /* AccomodationAnnotation.swift in Sources */ = {isa = PBXBuildFile; fileRef = A10F7D392ACBC23300B951AA /* AccomodationAnnotation.swift */; };
		A10F7D3C2ACBC46000B951AA /* AccomodationDetail.swift in Sources */ = {isa = PBXBuildFile; fileRef = A10F7D3B2ACBC46000B951AA /* AccomodationDetail.swift */; };
		A11312442ACBE53000145102 /* Preferences.swift in Sources */ = {isa = PBXBuildFile; fileRef = A11312432ACBE53000145102 /* Preferences.swift */; };
		A113124B2ACBFF9900145102 /* ThemeModifier.swift in Sources */ = {isa = PBXBuildFile; fileRef = A113124A2ACBFF9900145102 /* ThemeModifier.swift */; };
		A13C748F2AC7C4BF00494410 /* ActivityData.json in Resources */ = {isa = PBXBuildFile; fileRef = A13C748E2AC7C4BF00494410 /* ActivityData.json */; };
		A13C74912AC7C54900494410 /* MapView.swift in Sources */ = {isa = PBXBuildFile; fileRef = A13C74902AC7C54900494410 /* MapView.swift */; };
		A13C74932AC7C59200494410 /* ItineraryList.swift in Sources */ = {isa = PBXBuildFile; fileRef = A13C74922AC7C59200494410 /* ItineraryList.swift */; };
		A13C74952AC7C63B00494410 /* Activity.swift in Sources */ = {isa = PBXBuildFile; fileRef = A13C74942AC7C63B00494410 /* Activity.swift */; };
		A171DBD42AC7D7A7009258F5 /* ActivityAnnotation.swift in Sources */ = {isa = PBXBuildFile; fileRef = A171DBD32AC7D7A7009258F5 /* ActivityAnnotation.swift */; };
		A171DBD62AC7E713009258F5 /* ActivityDetail.swift in Sources */ = {isa = PBXBuildFile; fileRef = A171DBD52AC7E713009258F5 /* ActivityDetail.swift */; };
		A19690922AC261FE0053B4FF /* IOS_Advanced_Assignment_3App.swift in Sources */ = {isa = PBXBuildFile; fileRef = A19690912AC261FE0053B4FF /* IOS_Advanced_Assignment_3App.swift */; };
		A19690942AC261FE0053B4FF /* ContentView.swift in Sources */ = {isa = PBXBuildFile; fileRef = A19690932AC261FE0053B4FF /* ContentView.swift */; };
		A19690962AC262020053B4FF /* Assets.xcassets in Resources */ = {isa = PBXBuildFile; fileRef = A19690952AC262020053B4FF /* Assets.xcassets */; };
		A19690992AC262020053B4FF /* Preview Assets.xcassets in Resources */ = {isa = PBXBuildFile; fileRef = A19690982AC262020053B4FF /* Preview Assets.xcassets */; };
		A19690B12AC30C590053B4FF /* ModelData.swift in Sources */ = {isa = PBXBuildFile; fileRef = A19690B02AC30C590053B4FF /* ModelData.swift */; };
		A1AC8D552ACA63AC004ED19B /* ItineraryActivities.xcdatamodeld in Sources */ = {isa = PBXBuildFile; fileRef = A1AC8D532ACA63AC004ED19B /* ItineraryActivities.xcdatamodeld */; };
		A1AC8D582ACA64D2004ED19B /* PersistenceController.swift in Sources */ = {isa = PBXBuildFile; fileRef = A1AC8D572ACA64D2004ED19B /* PersistenceController.swift */; };
/* End PBXBuildFile section */

/* Begin PBXFileReference section */
		A10F7D332ACBACBD00B951AA /* FavoritesList.swift */ = {isa = PBXFileReference; lastKnownFileType = sourcecode.swift; path = FavoritesList.swift; sourceTree = "<group>"; };
		A10F7D352ACBBA3100B951AA /* AccomodationData.json */ = {isa = PBXFileReference; fileEncoding = 4; lastKnownFileType = text.json; path = AccomodationData.json; sourceTree = "<group>"; };
		A10F7D372ACBBA4100B951AA /* Accomodation.swift */ = {isa = PBXFileReference; lastKnownFileType = sourcecode.swift; path = Accomodation.swift; sourceTree = "<group>"; };
		A10F7D392ACBC23300B951AA /* AccomodationAnnotation.swift */ = {isa = PBXFileReference; lastKnownFileType = sourcecode.swift; path = AccomodationAnnotation.swift; sourceTree = "<group>"; };
		A10F7D3B2ACBC46000B951AA /* AccomodationDetail.swift */ = {isa = PBXFileReference; lastKnownFileType = sourcecode.swift; path = AccomodationDetail.swift; sourceTree = "<group>"; };
		A11312432ACBE53000145102 /* Preferences.swift */ = {isa = PBXFileReference; lastKnownFileType = sourcecode.swift; path = Preferences.swift; sourceTree = "<group>"; };
		A113124A2ACBFF9900145102 /* ThemeModifier.swift */ = {isa = PBXFileReference; lastKnownFileType = sourcecode.swift; path = ThemeModifier.swift; sourceTree = "<group>"; };
		A13C748E2AC7C4BF00494410 /* ActivityData.json */ = {isa = PBXFileReference; fileEncoding = 4; lastKnownFileType = text.json; path = ActivityData.json; sourceTree = "<group>"; };
		A13C74902AC7C54900494410 /* MapView.swift */ = {isa = PBXFileReference; lastKnownFileType = sourcecode.swift; path = MapView.swift; sourceTree = "<group>"; };
		A13C74922AC7C59200494410 /* ItineraryList.swift */ = {isa = PBXFileReference; lastKnownFileType = sourcecode.swift; path = ItineraryList.swift; sourceTree = "<group>"; };
		A13C74942AC7C63B00494410 /* Activity.swift */ = {isa = PBXFileReference; lastKnownFileType = sourcecode.swift; path = Activity.swift; sourceTree = "<group>"; };
		A171DBD32AC7D7A7009258F5 /* ActivityAnnotation.swift */ = {isa = PBXFileReference; lastKnownFileType = sourcecode.swift; path = ActivityAnnotation.swift; sourceTree = "<group>"; };
		A171DBD52AC7E713009258F5 /* ActivityDetail.swift */ = {isa = PBXFileReference; lastKnownFileType = sourcecode.swift; path = ActivityDetail.swift; sourceTree = "<group>"; };
		A196908E2AC261FE0053B4FF /* IOS_Advanced_Assignment_3.app */ = {isa = PBXFileReference; explicitFileType = wrapper.application; includeInIndex = 0; path = IOS_Advanced_Assignment_3.app; sourceTree = BUILT_PRODUCTS_DIR; };
		A19690912AC261FE0053B4FF /* IOS_Advanced_Assignment_3App.swift */ = {isa = PBXFileReference; lastKnownFileType = sourcecode.swift; path = IOS_Advanced_Assignment_3App.swift; sourceTree = "<group>"; };
		A19690932AC261FE0053B4FF /* ContentView.swift */ = {isa = PBXFileReference; lastKnownFileType = sourcecode.swift; path = ContentView.swift; sourceTree = "<group>"; };
		A19690952AC262020053B4FF /* Assets.xcassets */ = {isa = PBXFileReference; lastKnownFileType = folder.assetcatalog; path = Assets.xcassets; sourceTree = "<group>"; };
		A19690982AC262020053B4FF /* Preview Assets.xcassets */ = {isa = PBXFileReference; lastKnownFileType = folder.assetcatalog; path = "Preview Assets.xcassets"; sourceTree = "<group>"; };
		A19690B02AC30C590053B4FF /* ModelData.swift */ = {isa = PBXFileReference; lastKnownFileType = sourcecode.swift; path = ModelData.swift; sourceTree = "<group>"; };
		A1AC8D542ACA63AC004ED19B /* ItineraryActivities.xcdatamodel */ = {isa = PBXFileReference; lastKnownFileType = wrapper.xcdatamodel; path = ItineraryActivities.xcdatamodel; sourceTree = "<group>"; };
		A1AC8D572ACA64D2004ED19B /* PersistenceController.swift */ = {isa = PBXFileReference; lastKnownFileType = sourcecode.swift; path = PersistenceController.swift; sourceTree = "<group>"; };
/* End PBXFileReference section */

/* Begin PBXFrameworksBuildPhase section */
		A196908B2AC261FE0053B4FF /* Frameworks */ = {
			isa = PBXFrameworksBuildPhase;
			buildActionMask = 2147483647;
			files = (
			);
			runOnlyForDeploymentPostprocessing = 0;
		};
/* End PBXFrameworksBuildPhase section */

/* Begin PBXGroup section */
		A11312452ACBEBF000145102 /* Utils */ = {
			isa = PBXGroup;
			children = (
			);
			path = Utils;
			sourceTree = "<group>";
		};
		A13C748D2AC7C4A800494410 /* Resources */ = {
			isa = PBXGroup;
			children = (
				A13C748E2AC7C4BF00494410 /* ActivityData.json */,
				A10F7D352ACBBA3100B951AA /* AccomodationData.json */,
			);
			path = Resources;
			sourceTree = "<group>";
		};
		A19690852AC261FE0053B4FF = {
			isa = PBXGroup;
			children = (
				A19690902AC261FE0053B4FF /* IOS_Advanced_Assignment_3 */,
				A196908F2AC261FE0053B4FF /* Products */,
			);
			sourceTree = "<group>";
		};
		A196908F2AC261FE0053B4FF /* Products */ = {
			isa = PBXGroup;
			children = (
				A196908E2AC261FE0053B4FF /* IOS_Advanced_Assignment_3.app */,
			);
			name = Products;
			sourceTree = "<group>";
		};
		A19690902AC261FE0053B4FF /* IOS_Advanced_Assignment_3 */ = {
			isa = PBXGroup;
			children = (
				A11312452ACBEBF000145102 /* Utils */,
				A19690912AC261FE0053B4FF /* IOS_Advanced_Assignment_3App.swift */,
				A19690932AC261FE0053B4FF /* ContentView.swift */,
				A19690A12AC27C730053B4FF /* ViewModel */,
				A19690A02AC27C6D0053B4FF /* Model */,
				A196909F2AC27C680053B4FF /* View */,
				A1AC8D562ACA6436004ED19B /* CoreData */,
				A13C748D2AC7C4A800494410 /* Resources */,
				A19690952AC262020053B4FF /* Assets.xcassets */,
				A19690972AC262020053B4FF /* Preview Content */,
			);
			path = IOS_Advanced_Assignment_3;
			sourceTree = "<group>";
		};
		A19690972AC262020053B4FF /* Preview Content */ = {
			isa = PBXGroup;
			children = (
				A19690982AC262020053B4FF /* Preview Assets.xcassets */,
			);
			path = "Preview Content";
			sourceTree = "<group>";
		};
		A196909F2AC27C680053B4FF /* View */ = {
			isa = PBXGroup;
			children = (
				A13C74902AC7C54900494410 /* MapView.swift */,
				A13C74922AC7C59200494410 /* ItineraryList.swift */,
				A171DBD52AC7E713009258F5 /* ActivityDetail.swift */,
				A10F7D332ACBACBD00B951AA /* FavoritesList.swift */,
				A10F7D3B2ACBC46000B951AA /* AccomodationDetail.swift */,
				A11312432ACBE53000145102 /* Preferences.swift */,
			);
			path = View;
			sourceTree = "<group>";
		};
		A19690A02AC27C6D0053B4FF /* Model */ = {
			isa = PBXGroup;
			children = (
				A13C74942AC7C63B00494410 /* Activity.swift */,
				A171DBD32AC7D7A7009258F5 /* ActivityAnnotation.swift */,
				A10F7D372ACBBA4100B951AA /* Accomodation.swift */,
				A10F7D392ACBC23300B951AA /* AccomodationAnnotation.swift */,
			);
			path = Model;
			sourceTree = "<group>";
		};
		A19690A12AC27C730053B4FF /* ViewModel */ = {
			isa = PBXGroup;
			children = (
				A19690B02AC30C590053B4FF /* ModelData.swift */,
				A113124A2ACBFF9900145102 /* ThemeModifier.swift */,
			);
			path = ViewModel;
			sourceTree = "<group>";
		};
		A1AC8D562ACA6436004ED19B /* CoreData */ = {
			isa = PBXGroup;
			children = (
				A1AC8D532ACA63AC004ED19B /* ItineraryActivities.xcdatamodeld */,
				A1AC8D572ACA64D2004ED19B /* PersistenceController.swift */,
			);
			path = CoreData;
			sourceTree = "<group>";
		};
/* End PBXGroup section */

/* Begin PBXNativeTarget section */
		A196908D2AC261FE0053B4FF /* IOS_Advanced_Assignment_3 */ = {
			isa = PBXNativeTarget;
			buildConfigurationList = A196909C2AC262020053B4FF /* Build configuration list for PBXNativeTarget "IOS_Advanced_Assignment_3" */;
			buildPhases = (
				A196908A2AC261FE0053B4FF /* Sources */,
				A196908B2AC261FE0053B4FF /* Frameworks */,
				A196908C2AC261FE0053B4FF /* Resources */,
			);
			buildRules = (
			);
			dependencies = (
			);
			name = IOS_Advanced_Assignment_3;
			productName = IOS_Advanced_Assignment_3;
			productReference = A196908E2AC261FE0053B4FF /* IOS_Advanced_Assignment_3.app */;
			productType = "com.apple.product-type.application";
		};
/* End PBXNativeTarget section */

/* Begin PBXProject section */
		A19690862AC261FE0053B4FF /* Project object */ = {
			isa = PBXProject;
			attributes = {
				BuildIndependentTargetsInParallel = 1;
				LastSwiftUpdateCheck = 1430;
				LastUpgradeCheck = 1430;
				TargetAttributes = {
					A196908D2AC261FE0053B4FF = {
						CreatedOnToolsVersion = 14.3.1;
					};
				};
			};
			buildConfigurationList = A19690892AC261FE0053B4FF /* Build configuration list for PBXProject "IOS_Advanced_Assignment_3" */;
			compatibilityVersion = "Xcode 14.0";
			developmentRegion = en;
			hasScannedForEncodings = 0;
			knownRegions = (
				en,
				Base,
			);
			mainGroup = A19690852AC261FE0053B4FF;
			productRefGroup = A196908F2AC261FE0053B4FF /* Products */;
			projectDirPath = "";
			projectRoot = "";
			targets = (
				A196908D2AC261FE0053B4FF /* IOS_Advanced_Assignment_3 */,
			);
		};
/* End PBXProject section */

/* Begin PBXResourcesBuildPhase section */
		A196908C2AC261FE0053B4FF /* Resources */ = {
			isa = PBXResourcesBuildPhase;
			buildActionMask = 2147483647;
			files = (
				A10F7D362ACBBA3100B951AA /* AccomodationData.json in Resources */,
				A19690992AC262020053B4FF /* Preview Assets.xcassets in Resources */,
				A13C748F2AC7C4BF00494410 /* ActivityData.json in Resources */,
				A19690962AC262020053B4FF /* Assets.xcassets in Resources */,
			);
			runOnlyForDeploymentPostprocessing = 0;
		};
/* End PBXResourcesBuildPhase section */

/* Begin PBXSourcesBuildPhase section */
		A196908A2AC261FE0053B4FF /* Sources */ = {
			isa = PBXSourcesBuildPhase;
			buildActionMask = 2147483647;
			files = (
				A113124B2ACBFF9900145102 /* ThemeModifier.swift in Sources */,
				A10F7D342ACBACBD00B951AA /* FavoritesList.swift in Sources */,
				A171DBD42AC7D7A7009258F5 /* ActivityAnnotation.swift in Sources */,
				A11312442ACBE53000145102 /* Preferences.swift in Sources */,
				A13C74952AC7C63B00494410 /* Activity.swift in Sources */,
				A19690942AC261FE0053B4FF /* ContentView.swift in Sources */,
				A13C74912AC7C54900494410 /* MapView.swift in Sources */,
				A10F7D3A2ACBC23300B951AA /* AccomodationAnnotation.swift in Sources */,
				A19690922AC261FE0053B4FF /* IOS_Advanced_Assignment_3App.swift in Sources */,
				A13C74932AC7C59200494410 /* ItineraryList.swift in Sources */,
				A19690B12AC30C590053B4FF /* ModelData.swift in Sources */,
				A171DBD62AC7E713009258F5 /* ActivityDetail.swift in Sources */,
				A1AC8D552ACA63AC004ED19B /* ItineraryActivities.xcdatamodeld in Sources */,
				A10F7D3C2ACBC46000B951AA /* AccomodationDetail.swift in Sources */,
				A10F7D382ACBBA4100B951AA /* Accomodation.swift in Sources */,
				A1AC8D582ACA64D2004ED19B /* PersistenceController.swift in Sources */,
			);
			runOnlyForDeploymentPostprocessing = 0;
		};
/* End PBXSourcesBuildPhase section */

/* Begin XCBuildConfiguration section */
		A196909A2AC262020053B4FF /* Debug */ = {
			isa = XCBuildConfiguration;
			buildSettings = {
				ALWAYS_SEARCH_USER_PATHS = NO;
				CLANG_ANALYZER_NONNULL = YES;
				CLANG_ANALYZER_NUMBER_OBJECT_CONVERSION = YES_AGGRESSIVE;
				CLANG_CXX_LANGUAGE_STANDARD = "gnu++20";
				CLANG_ENABLE_MODULES = YES;
				CLANG_ENABLE_OBJC_ARC = YES;
				CLANG_ENABLE_OBJC_WEAK = YES;
				CLANG_WARN_BLOCK_CAPTURE_AUTORELEASING = YES;
				CLANG_WARN_BOOL_CONVERSION = YES;
				CLANG_WARN_COMMA = YES;
				CLANG_WARN_CONSTANT_CONVERSION = YES;
				CLANG_WARN_DEPRECATED_OBJC_IMPLEMENTATIONS = YES;
				CLANG_WARN_DIRECT_OBJC_ISA_USAGE = YES_ERROR;
				CLANG_WARN_DOCUMENTATION_COMMENTS = YES;
				CLANG_WARN_EMPTY_BODY = YES;
				CLANG_WARN_ENUM_CONVERSION = YES;
				CLANG_WARN_INFINITE_RECURSION = YES;
				CLANG_WARN_INT_CONVERSION = YES;
				CLANG_WARN_NON_LITERAL_NULL_CONVERSION = YES;
				CLANG_WARN_OBJC_IMPLICIT_RETAIN_SELF = YES;
				CLANG_WARN_OBJC_LITERAL_CONVERSION = YES;
				CLANG_WARN_OBJC_ROOT_CLASS = YES_ERROR;
				CLANG_WARN_QUOTED_INCLUDE_IN_FRAMEWORK_HEADER = YES;
				CLANG_WARN_RANGE_LOOP_ANALYSIS = YES;
				CLANG_WARN_STRICT_PROTOTYPES = YES;
				CLANG_WARN_SUSPICIOUS_MOVE = YES;
				CLANG_WARN_UNGUARDED_AVAILABILITY = YES_AGGRESSIVE;
				CLANG_WARN_UNREACHABLE_CODE = YES;
				CLANG_WARN__DUPLICATE_METHOD_MATCH = YES;
				COPY_PHASE_STRIP = NO;
				DEBUG_INFORMATION_FORMAT = dwarf;
				ENABLE_STRICT_OBJC_MSGSEND = YES;
				ENABLE_TESTABILITY = YES;
				GCC_C_LANGUAGE_STANDARD = gnu11;
				GCC_DYNAMIC_NO_PIC = NO;
				GCC_NO_COMMON_BLOCKS = YES;
				GCC_OPTIMIZATION_LEVEL = 0;
				GCC_PREPROCESSOR_DEFINITIONS = (
					"DEBUG=1",
					"$(inherited)",
				);
				GCC_WARN_64_TO_32_BIT_CONVERSION = YES;
				GCC_WARN_ABOUT_RETURN_TYPE = YES_ERROR;
				GCC_WARN_UNDECLARED_SELECTOR = YES;
				GCC_WARN_UNINITIALIZED_AUTOS = YES_AGGRESSIVE;
				GCC_WARN_UNUSED_FUNCTION = YES;
				GCC_WARN_UNUSED_VARIABLE = YES;
				IPHONEOS_DEPLOYMENT_TARGET = 16.4;
				MTL_ENABLE_DEBUG_INFO = INCLUDE_SOURCE;
				MTL_FAST_MATH = YES;
				ONLY_ACTIVE_ARCH = YES;
				SDKROOT = iphoneos;
				SWIFT_ACTIVE_COMPILATION_CONDITIONS = DEBUG;
				SWIFT_OPTIMIZATION_LEVEL = "-Onone";
			};
			name = Debug;
		};
		A196909B2AC262020053B4FF /* Release */ = {
			isa = XCBuildConfiguration;
			buildSettings = {
				ALWAYS_SEARCH_USER_PATHS = NO;
				CLANG_ANALYZER_NONNULL = YES;
				CLANG_ANALYZER_NUMBER_OBJECT_CONVERSION = YES_AGGRESSIVE;
				CLANG_CXX_LANGUAGE_STANDARD = "gnu++20";
				CLANG_ENABLE_MODULES = YES;
				CLANG_ENABLE_OBJC_ARC = YES;
				CLANG_ENABLE_OBJC_WEAK = YES;
				CLANG_WARN_BLOCK_CAPTURE_AUTORELEASING = YES;
				CLANG_WARN_BOOL_CONVERSION = YES;
				CLANG_WARN_COMMA = YES;
				CLANG_WARN_CONSTANT_CONVERSION = YES;
				CLANG_WARN_DEPRECATED_OBJC_IMPLEMENTATIONS = YES;
				CLANG_WARN_DIRECT_OBJC_ISA_USAGE = YES_ERROR;
				CLANG_WARN_DOCUMENTATION_COMMENTS = YES;
				CLANG_WARN_EMPTY_BODY = YES;
				CLANG_WARN_ENUM_CONVERSION = YES;
				CLANG_WARN_INFINITE_RECURSION = YES;
				CLANG_WARN_INT_CONVERSION = YES;
				CLANG_WARN_NON_LITERAL_NULL_CONVERSION = YES;
				CLANG_WARN_OBJC_IMPLICIT_RETAIN_SELF = YES;
				CLANG_WARN_OBJC_LITERAL_CONVERSION = YES;
				CLANG_WARN_OBJC_ROOT_CLASS = YES_ERROR;
				CLANG_WARN_QUOTED_INCLUDE_IN_FRAMEWORK_HEADER = YES;
				CLANG_WARN_RANGE_LOOP_ANALYSIS = YES;
				CLANG_WARN_STRICT_PROTOTYPES = YES;
				CLANG_WARN_SUSPICIOUS_MOVE = YES;
				CLANG_WARN_UNGUARDED_AVAILABILITY = YES_AGGRESSIVE;
				CLANG_WARN_UNREACHABLE_CODE = YES;
				CLANG_WARN__DUPLICATE_METHOD_MATCH = YES;
				COPY_PHASE_STRIP = NO;
				DEBUG_INFORMATION_FORMAT = "dwarf-with-dsym";
				ENABLE_NS_ASSERTIONS = NO;
				ENABLE_STRICT_OBJC_MSGSEND = YES;
				GCC_C_LANGUAGE_STANDARD = gnu11;
				GCC_NO_COMMON_BLOCKS = YES;
				GCC_WARN_64_TO_32_BIT_CONVERSION = YES;
				GCC_WARN_ABOUT_RETURN_TYPE = YES_ERROR;
				GCC_WARN_UNDECLARED_SELECTOR = YES;
				GCC_WARN_UNINITIALIZED_AUTOS = YES_AGGRESSIVE;
				GCC_WARN_UNUSED_FUNCTION = YES;
				GCC_WARN_UNUSED_VARIABLE = YES;
				IPHONEOS_DEPLOYMENT_TARGET = 16.4;
				MTL_ENABLE_DEBUG_INFO = NO;
				MTL_FAST_MATH = YES;
				SDKROOT = iphoneos;
				SWIFT_COMPILATION_MODE = wholemodule;
				SWIFT_OPTIMIZATION_LEVEL = "-O";
				VALIDATE_PRODUCT = YES;
			};
			name = Release;
		};
		A196909D2AC262020053B4FF /* Debug */ = {
			isa = XCBuildConfiguration;
			buildSettings = {
				ASSETCATALOG_COMPILER_APPICON_NAME = AppIcon;
				ASSETCATALOG_COMPILER_GLOBAL_ACCENT_COLOR_NAME = AccentColor;
				CODE_SIGN_STYLE = Automatic;
				CURRENT_PROJECT_VERSION = 1;
				DEVELOPMENT_ASSET_PATHS = "\"IOS_Advanced_Assignment_3/Preview Content\"";
				ENABLE_PREVIEWS = YES;
				GENERATE_INFOPLIST_FILE = YES;
				INFOPLIST_KEY_UIApplicationSceneManifest_Generation = YES;
				INFOPLIST_KEY_UIApplicationSupportsIndirectInputEvents = YES;
				INFOPLIST_KEY_UILaunchScreen_Generation = YES;
				INFOPLIST_KEY_UISupportedInterfaceOrientations_iPad = "UIInterfaceOrientationPortrait UIInterfaceOrientationPortraitUpsideDown UIInterfaceOrientationLandscapeLeft UIInterfaceOrientationLandscapeRight";
				INFOPLIST_KEY_UISupportedInterfaceOrientations_iPhone = "UIInterfaceOrientationPortrait UIInterfaceOrientationLandscapeLeft UIInterfaceOrientationLandscapeRight";
				LD_RUNPATH_SEARCH_PATHS = (
					"$(inherited)",
					"@executable_path/Frameworks",
				);
				MARKETING_VERSION = 1.0;
				PRODUCT_BUNDLE_IDENTIFIER = "organization.IOS-Advanced-Assignment-3";
				PRODUCT_NAME = "$(TARGET_NAME)";
				SWIFT_EMIT_LOC_STRINGS = YES;
				SWIFT_VERSION = 5.0;
				TARGETED_DEVICE_FAMILY = "1,2";
			};
			name = Debug;
		};
		A196909E2AC262020053B4FF /* Release */ = {
			isa = XCBuildConfiguration;
			buildSettings = {
				ASSETCATALOG_COMPILER_APPICON_NAME = AppIcon;
				ASSETCATALOG_COMPILER_GLOBAL_ACCENT_COLOR_NAME = AccentColor;
				CODE_SIGN_STYLE = Automatic;
				CURRENT_PROJECT_VERSION = 1;
				DEVELOPMENT_ASSET_PATHS = "\"IOS_Advanced_Assignment_3/Preview Content\"";
				ENABLE_PREVIEWS = YES;
				GENERATE_INFOPLIST_FILE = YES;
				INFOPLIST_KEY_UIApplicationSceneManifest_Generation = YES;
				INFOPLIST_KEY_UIApplicationSupportsIndirectInputEvents = YES;
				INFOPLIST_KEY_UILaunchScreen_Generation = YES;
				INFOPLIST_KEY_UISupportedInterfaceOrientations_iPad = "UIInterfaceOrientationPortrait UIInterfaceOrientationPortraitUpsideDown UIInterfaceOrientationLandscapeLeft UIInterfaceOrientationLandscapeRight";
				INFOPLIST_KEY_UISupportedInterfaceOrientations_iPhone = "UIInterfaceOrientationPortrait UIInterfaceOrientationLandscapeLeft UIInterfaceOrientationLandscapeRight";
				LD_RUNPATH_SEARCH_PATHS = (
					"$(inherited)",
					"@executable_path/Frameworks",
				);
				MARKETING_VERSION = 1.0;
				PRODUCT_BUNDLE_IDENTIFIER = "organization.IOS-Advanced-Assignment-3";
				PRODUCT_NAME = "$(TARGET_NAME)";
				SWIFT_EMIT_LOC_STRINGS = YES;
				SWIFT_VERSION = 5.0;
				TARGETED_DEVICE_FAMILY = "1,2";
			};
			name = Release;
		};
/* End XCBuildConfiguration section */

/* Begin XCConfigurationList section */
		A19690892AC261FE0053B4FF /* Build configuration list for PBXProject "IOS_Advanced_Assignment_3" */ = {
			isa = XCConfigurationList;
			buildConfigurations = (
				A196909A2AC262020053B4FF /* Debug */,
				A196909B2AC262020053B4FF /* Release */,
			);
			defaultConfigurationIsVisible = 0;
			defaultConfigurationName = Release;
		};
		A196909C2AC262020053B4FF /* Build configuration list for PBXNativeTarget "IOS_Advanced_Assignment_3" */ = {
			isa = XCConfigurationList;
			buildConfigurations = (
				A196909D2AC262020053B4FF /* Debug */,
				A196909E2AC262020053B4FF /* Release */,
			);
			defaultConfigurationIsVisible = 0;
			defaultConfigurationName = Release;
		};
/* End XCConfigurationList section */

/* Begin XCVersionGroup section */
		A1AC8D532ACA63AC004ED19B /* ItineraryActivities.xcdatamodeld */ = {
			isa = XCVersionGroup;
			children = (
				A1AC8D542ACA63AC004ED19B /* ItineraryActivities.xcdatamodel */,
			);
			currentVersion = A1AC8D542ACA63AC004ED19B /* ItineraryActivities.xcdatamodel */;
			path = ItineraryActivities.xcdatamodeld;
			sourceTree = "<group>";
			versionGroupType = wrapper.xcdatamodel;
		};
/* End XCVersionGroup section */
	};
	rootObject = A19690862AC261FE0053B4FF /* Project object */;
}
